# This file is autogenerated, do not edit; changes may be undone by the next 'dep ensure'.


[[projects]]
  digest = "1:2af3a6e1f12e54cef95c6051cd1cb1e154629a4b82c692ac8a92f00259f570eb"
  name = "github.com/elastic/go-elasticsearch"
  packages = [
    ".",
    "esapi",
    "estransport",
  ]
  pruneopts = "UT"
  revision = "3aa68f5e96e138fa4dafc9403b10674b4310a632"
  version = "v0.0.0"

[solve-meta]
  analyzer-name = "dep"
  analyzer-version = 1
  input-imports = ["github.com/elastic/go-elasticsearch"]
  solver-name = "gps-cdcl"
  solver-version = 1
